<?xml version="1.0" encoding="utf-8"?>
<Project ToolsVersion="4.0" xmlns="http://schemas.microsoft.com/developer/msbuild/2003">
  <ItemGroup>
    <Filter Include="소스 파일">
      <UniqueIdentifier>{4FC737F1-C7A5-4376-A066-2A32D752A2FF}</UniqueIdentifier>
      <Extensions>cpp;c;cc;cxx;c++;cppm;ixx;def;odl;idl;hpj;bat;asm;asmx</Extensions>
    </Filter>
    <Filter Include="헤더 파일">
      <UniqueIdentifier>{93995380-89BD-4b04-88EB-625FBE52EBFB}</UniqueIdentifier>
      <Extensions>h;hh;hpp;hxx;h++;hm;inl;inc;ipp;xsd</Extensions>
    </Filter>
    <Filter Include="리소스 파일">
      <UniqueIdentifier>{67DA6AB6-F800-4c08-8B7A-83BB121AAD01}</UniqueIdentifier>
      <Extensions>rc;ico;cur;bmp;dlg;rc2;rct;bin;rgs;gif;jpg;jpeg;jpe;resx;tiff;tif;png;wav;mfcribbon-ms</Extensions>
    </Filter>
    <Filter Include="Arche">
      <UniqueIdentifier>{c4e7bb4d-7726-49c2-9775-717a9583fcf1}</UniqueIdentifier>
    </Filter>
    <Filter Include="Utility">
      <UniqueIdentifier>{62940776-a13f-4dbe-bb21-e27f1a3f4379}</UniqueIdentifier>
    </Filter>
    <Filter Include="Script">
      <UniqueIdentifier>{11111111-1111-1111-1111-111111111111}</UniqueIdentifier>
    </Filter>
  </ItemGroup>
  <ItemGroup>
    <ClCompile Include="main.cpp">
      <Filter>소스 파일</Filter>
    </ClCompile>
    <ClCompile Include="Arche\ArcheType.cpp">
      <Filter>Arche</Filter>
    </ClCompile>
    <ClCompile Include="Arche\Memory.cpp">
      <Filter>Arche</Filter>
    </ClCompile>
    <ClCompile Include="Arche\TypeSystem.cpp">
      <Filter>Arche</Filter>
    </ClCompile>
    <ClCompile Include="Arche\World.cpp">
      <Filter>Arche</Filter>
    </ClCompile>
    <ClCompile Include="Script\LuaScriptFramework.cpp">
      <Filter>Script</Filter>
    </ClCompile>
  </ItemGroup>
  <ItemGroup>
    <ClInclude Include="Arche\ArcheType.h">
      <Filter>Arche</Filter>
    </ClInclude>
    <ClInclude Include="Arche\Common.h">
      <Filter>Arche</Filter>
    </ClInclude>
    <ClInclude Include="Arche\Memory.h">
      <Filter>Arche</Filter>
    </ClInclude>
    <ClInclude Include="Arche\TypeSystem.h">
      <Filter>Arche</Filter>
    </ClInclude>
    <ClInclude Include="Arche\World.h">
      <Filter>Arche</Filter>
    </ClInclude>
    <ClInclude Include="Script\DemoComponents.h">
      <Filter>Script</Filter>
    </ClInclude>
    <ClInclude Include="Script\LuaScriptFramework.h">
      <Filter>Script</Filter>
    </ClInclude>
    <ClInclude Include="Script\ScriptComponents.h">
      <Filter>Script</Filter>
    </ClInclude>
    <ClInclude Include="Utility\ComponentRestraint.h">
      <Filter>Utility</Filter>
    </ClInclude>
  </ItemGroup>
  <ItemGroup>
    <None Include="Arche\World.inl">
      <Filter>Arche</Filter>
    </None>
    <None Include="Script\Lua\DemoUpdate.lua">
      <Filter>Script</Filter>
    </None>
    <None Include="Script\LuaScriptFramework.inl">
      <Filter>Script</Filter>
    </None>
  </ItemGroup>
</Project>